
Microsoft Visual Studio Solution File, Format Version 12.00
# Visual Studio Version 16
VisualStudioVersion = 16.0.31105.61
MinimumVisualStudioVersion = 10.0.40219.1
Project("{9A19103F-16F7-4668-BE54-9A1E7A4F7556}") = "ScriptableProcessLib", "ScriptableProcessLib\ScriptableProcessLib.csproj", "{0F0CB308-FD5B-4B80-ACB5-F5AAFEAB9B2D}"
EndProject
Project("{9A19103F-16F7-4668-BE54-9A1E7A4F7556}") = "ScriptableProcessLib.WinApi", "ScriptableProcessLib.WinApi\ScriptableProcessLib.WinApi.csproj", "{B1DE6DD0-80E1-4371-831A-0D3FAE1AA493}"
EndProject
Project("{FAE04EC0-301F-11D3-BF4B-00C04F79EFBC}") = "ScriptableProcessLib.TestChildConsole", "ScriptableProcessLib.TestChildConsole\ScriptableProcessLib.TestChildConsole.csproj", "{82C071E3-A3FA-4D34-9E1D-3F49EA7208FF}"
EndProject
Project("{FAE04EC0-301F-11D3-BF4B-00C04F79EFBC}") = "ScriptableProcessLib.Tests", "ScriptableProcessLib.Tests\ScriptableProcessLib.Tests.csproj", "{9D12BCB7-5FC7-46E1-8F56-8E801AC7DEB7}"
EndProject
Global
	GlobalSection(SolutionConfigurationPlatforms) = preSolution
		Debug|Any CPU = Debug|Any CPU
		Release|Any CPU = Release|Any CPU
	EndGlobalSection
	GlobalSection(ProjectConfigurationPlatforms) = postSolution
		{0F0CB308-FD5B-4B80-ACB5-F5AAFEAB9B2D}.Debug|Any CPU.ActiveCfg = Debug|Any CPU
		{0F0CB308-FD5B-4B80-ACB5-F5AAFEAB9B2D}.Debug|Any CPU.Build.0 = Debug|Any CPU
		{0F0CB308-FD5B-4B80-ACB5-F5AAFEAB9B2D}.Release|Any CPU.ActiveCfg = Release|Any CPU
		{0F0CB308-FD5B-4B80-ACB5-F5AAFEAB9B2D}.Release|Any CPU.Build.0 = Release|Any CPU
		{B1DE6DD0-80E1-4371-831A-0D3FAE1AA493}.Debug|Any CPU.ActiveCfg = Debug|Any CPU
		{B1DE6DD0-80E1-4371-831A-0D3FAE1AA493}.Debug|Any CPU.Build.0 = Debug|Any CPU
		{B1DE6DD0-80E1-4371-831A-0D3FAE1AA493}.Release|Any CPU.ActiveCfg = Release|Any CPU
		{B1DE6DD0-80E1-4371-831A-0D3FAE1AA493}.Release|Any CPU.Build.0 = Release|Any CPU
		{82C071E3-A3FA-4D34-9E1D-3F49EA7208FF}.Debug|Any CPU.ActiveCfg = Debug|Any CPU
		{82C071E3-A3FA-4D34-9E1D-3F49EA7208FF}.Debug|Any CPU.Build.0 = Debug|Any CPU
		{82C071E3-A3FA-4D34-9E1D-3F49EA7208FF}.Release|Any CPU.ActiveCfg = Release|Any CPU
		{82C071E3-A3FA-4D34-9E1D-3F49EA7208FF}.Release|Any CPU.Build.0 = Release|Any CPU
		{9D12BCB7-5FC7-46E1-8F56-8E801AC7DEB7}.Debug|Any CPU.ActiveCfg = Debug|Any CPU
		{9D12BCB7-5FC7-46E1-8F56-8E801AC7DEB7}.Debug|Any CPU.Build.0 = Debug|Any CPU
		{9D12BCB7-5FC7-46E1-8F56-8E801AC7DEB7}.Release|Any CPU.ActiveCfg = Release|Any CPU
		{9D12BCB7-5FC7-46E1-8F56-8E801AC7DEB7}.Release|Any CPU.Build.0 = Release|Any CPU
	EndGlobalSection
	GlobalSection(SolutionProperties) = preSolution
		HideSolutionNode = FALSE
	EndGlobalSection
	GlobalSection(ExtensibilityGlobals) = postSolution
		SolutionGuid = {D38A0E00-7B59-4BBE-8CE3-186239F27B5E}
	EndGlobalSection
EndGlobal
